
Microsoft Visual Studio Solution File, Format Version 12.00
# Visual Studio 15
VisualStudioVersion = 15.0.27130.2036
MinimumVisualStudioVersion = 10.0.40219.1
Project("{8BC9CEB8-8B4A-11D0-8D11-00A0C91BC942}") = "MongSpeak", "MongSpeak\MongSpeak.vcxproj", "{2D488AE9-6C08-4F37-853C-FC2DE1B13064}"
EndProject
Global
	GlobalSection(SolutionConfigurationPlatforms) = preSolution
		Debug|x64 = Debug|x64
		Debug|x86 = Debug|x86
		Release|x64 = Release|x64
		Release|x86 = Release|x86
	EndGlobalSection
	GlobalSection(ProjectConfigurationPlatforms) = postSolution
		{2D488AE9-6C08-4F37-853C-FC2DE1B13064}.Debug|x64.ActiveCfg = Debug|x64
		{2D488AE9-6C08-4F37-853C-FC2DE1B13064}.Debug|x64.Build.0 = Debug|x64
		{2D488AE9-6C08-4F37-853C-FC2DE1B13064}.Debug|x86.ActiveCfg = Debug|Win32
		{2D488AE9-6C08-4F37-853C-FC2DE1B13064}.Debug|x86.Build.0 = Debug|Win32
		{2D488AE9-6C08-4F37-853C-FC2DE1B13064}.Release|x64.ActiveCfg = Release|x64
		{2D488AE9-6C08-4F37-853C-FC2DE1B13064}.Release|x64.Build.0 = Release|x64
		{2D488AE9-6C08-4F37-853C-FC2DE1B13064}.Release|x86.ActiveCfg = Release|Win32
		{2D488AE9-6C08-4F37-853C-FC2DE1B13064}.Release|x86.Build.0 = Release|Win32
	EndGlobalSection
	GlobalSection(SolutionProperties) = preSolution
		HideSolutionNode = FALSE
	EndGlobalSection
	GlobalSection(ExtensibilityGlobals) = postSolution
		SolutionGuid = {82730D3A-90F4-40C4-8AB4-2DCFC520AC8B}
	EndGlobalSection
EndGlobal
